
Microsoft Visual Studio Solution File, Format Version 12.00
# Visual Studio Version 16
VisualStudioVersion = 16.0.29709.97
MinimumVisualStudioVersion = 10.0.40219.1
Project("{9A19103F-16F7-4668-BE54-9A1E7A4F7556}") = "WebStore.Domain", "Common\WebStore.Domain\WebStore.Domain.csproj", "{52C41514-2F30-4976-9F71-CEF0179ED997}"
EndProject
Project("{2150E333-8FDC-42A3-9474-1A3956D46DE8}") = "Common", "Common", "{D9319E48-B0E2-4543-A915-FF7BEAB21BD3}"
EndProject
Project("{2150E333-8FDC-42A3-9474-1A3956D46DE8}") = "UI", "UI", "{2266DDF7-E103-4E4C-B2E1-D28EF5C3FD5F}"
EndProject
Project("{2150E333-8FDC-42A3-9474-1A3956D46DE8}") = "Services", "Services", "{4CC3A3BB-B68F-4834-A0EF-6D4DB2698631}"
EndProject
Project("{9A19103F-16F7-4668-BE54-9A1E7A4F7556}") = "WebStore.DAL", "Services\WebStore.DAL\WebStore.DAL.csproj", "{CD5053D9-4AE1-4154-8C6C-825FF0E2644E}"
EndProject
Project("{9A19103F-16F7-4668-BE54-9A1E7A4F7556}") = "WebStore", "UI\WebStore\WebStore.csproj", "{802B7D4A-BB2B-4983-9BD2-A230A2D4AE82}"
EndProject
Project("{9A19103F-16F7-4668-BE54-9A1E7A4F7556}") = "WebStore.Interfaces", "Services\WebStore.Interfaces\WebStore.Interfaces.csproj", "{947CEAA7-134E-442F-BD9A-7DFE9025D2F9}"
EndProject
Project("{9A19103F-16F7-4668-BE54-9A1E7A4F7556}") = "WebStoreServices", "Services\WebStoreServices\WebStoreServices.csproj", "{5A481CA4-D30C-4A8B-A295-C2903249EE23}"
EndProject
Project("{9A19103F-16F7-4668-BE54-9A1E7A4F7556}") = "WebStore.ServiceHosting", "Services\WebStore.ServiceHosting\WebStore.ServiceHosting\WebStore.ServiceHosting.csproj", "{801A0DE6-E1C6-43DE-BCCD-C9461C40FBEE}"
EndProject
Project("{9A19103F-16F7-4668-BE54-9A1E7A4F7556}") = "WebStore.Clients", "Services\WebStore.Clients\WebStore.Clients.csproj", "{43DE2DF2-F463-49AD-838F-50452CE1FB80}"
EndProject
Project("{9A19103F-16F7-4668-BE54-9A1E7A4F7556}") = "WebStore.Logger", "Common\WebStore.Logger\WebStore.Logger.csproj", "{F8CCF809-6533-4AB0-9759-9D05B58FCDC7}"
EndProject
Project("{2150E333-8FDC-42A3-9474-1A3956D46DE8}") = ".Service", ".Service", "{1AB538D2-2D78-4F8C-B7B3-7164BEADB1B2}"
	ProjectSection(SolutionItems) = preProject
		.gitignore = .gitignore
	EndProjectSection
EndProject
Project("{2150E333-8FDC-42A3-9474-1A3956D46DE8}") = "Tests", "Tests", "{C72EBC1F-1B36-4B1D-820E-F57118EB920C}"
EndProject
Project("{9A19103F-16F7-4668-BE54-9A1E7A4F7556}") = "WebStore.Tests", "Tests\WebStore.Tests\WebStore.Tests.csproj", "{E98A6DF1-8FF3-4240-A6B5-083C5485D422}"
EndProject
Project("{9A19103F-16F7-4668-BE54-9A1E7A4F7556}") = "WebStore.Services.Tests", "Tests\WebStore.Services.Tests\WebStore.Services.Tests.csproj", "{33CCA323-9F60-4A94-B052-9BE8CF201228}"
EndProject
Project("{FAE04EC0-301F-11D3-BF4B-00C04F79EFBC}") = "WebStore.BlazorUI", "UI\WebStore.BlazorUI\WebStore.BlazorUI.csproj", "{EE8694C6-6D65-4610-AC08-A39A2E711597}"
EndProject
Global
	GlobalSection(SolutionConfigurationPlatforms) = preSolution
		Debug|Any CPU = Debug|Any CPU
		Release|Any CPU = Release|Any CPU
	EndGlobalSection
	GlobalSection(ProjectConfigurationPlatforms) = postSolution
		{52C41514-2F30-4976-9F71-CEF0179ED997}.Debug|Any CPU.ActiveCfg = Debug|Any CPU
		{52C41514-2F30-4976-9F71-CEF0179ED997}.Debug|Any CPU.Build.0 = Debug|Any CPU
		{52C41514-2F30-4976-9F71-CEF0179ED997}.Release|Any CPU.ActiveCfg = Release|Any CPU
		{52C41514-2F30-4976-9F71-CEF0179ED997}.Release|Any CPU.Build.0 = Release|Any CPU
		{CD5053D9-4AE1-4154-8C6C-825FF0E2644E}.Debug|Any CPU.ActiveCfg = Debug|Any CPU
		{CD5053D9-4AE1-4154-8C6C-825FF0E2644E}.Debug|Any CPU.Build.0 = Debug|Any CPU
		{CD5053D9-4AE1-4154-8C6C-825FF0E2644E}.Release|Any CPU.ActiveCfg = Release|Any CPU
		{CD5053D9-4AE1-4154-8C6C-825FF0E2644E}.Release|Any CPU.Build.0 = Release|Any CPU
		{802B7D4A-BB2B-4983-9BD2-A230A2D4AE82}.Debug|Any CPU.ActiveCfg = Debug|Any CPU
		{802B7D4A-BB2B-4983-9BD2-A230A2D4AE82}.Debug|Any CPU.Build.0 = Debug|Any CPU
		{802B7D4A-BB2B-4983-9BD2-A230A2D4AE82}.Release|Any CPU.ActiveCfg = Release|Any CPU
		{802B7D4A-BB2B-4983-9BD2-A230A2D4AE82}.Release|Any CPU.Build.0 = Release|Any CPU
		{947CEAA7-134E-442F-BD9A-7DFE9025D2F9}.Debug|Any CPU.ActiveCfg = Debug|Any CPU
		{947CEAA7-134E-442F-BD9A-7DFE9025D2F9}.Debug|Any CPU.Build.0 = Debug|Any CPU
		{947CEAA7-134E-442F-BD9A-7DFE9025D2F9}.Release|Any CPU.ActiveCfg = Release|Any CPU
		{947CEAA7-134E-442F-BD9A-7DFE9025D2F9}.Release|Any CPU.Build.0 = Release|Any CPU
		{5A481CA4-D30C-4A8B-A295-C2903249EE23}.Debug|Any CPU.ActiveCfg = Debug|Any CPU
		{5A481CA4-D30C-4A8B-A295-C2903249EE23}.Debug|Any CPU.Build.0 = Debug|Any CPU
		{5A481CA4-D30C-4A8B-A295-C2903249EE23}.Release|Any CPU.ActiveCfg = Release|Any CPU
		{5A481CA4-D30C-4A8B-A295-C2903249EE23}.Release|Any CPU.Build.0 = Release|Any CPU
		{801A0DE6-E1C6-43DE-BCCD-C9461C40FBEE}.Debug|Any CPU.ActiveCfg = Debug|Any CPU
		{801A0DE6-E1C6-43DE-BCCD-C9461C40FBEE}.Debug|Any CPU.Build.0 = Debug|Any CPU
		{801A0DE6-E1C6-43DE-BCCD-C9461C40FBEE}.Release|Any CPU.ActiveCfg = Release|Any CPU
		{801A0DE6-E1C6-43DE-BCCD-C9461C40FBEE}.Release|Any CPU.Build.0 = Release|Any CPU
		{43DE2DF2-F463-49AD-838F-50452CE1FB80}.Debug|Any CPU.ActiveCfg = Debug|Any CPU
		{43DE2DF2-F463-49AD-838F-50452CE1FB80}.Debug|Any CPU.Build.0 = Debug|Any CPU
		{43DE2DF2-F463-49AD-838F-50452CE1FB80}.Release|Any CPU.ActiveCfg = Release|Any CPU
		{43DE2DF2-F463-49AD-838F-50452CE1FB80}.Release|Any CPU.Build.0 = Release|Any CPU
		{F8CCF809-6533-4AB0-9759-9D05B58FCDC7}.Debug|Any CPU.ActiveCfg = Debug|Any CPU
		{F8CCF809-6533-4AB0-9759-9D05B58FCDC7}.Debug|Any CPU.Build.0 = Debug|Any CPU
		{F8CCF809-6533-4AB0-9759-9D05B58FCDC7}.Release|Any CPU.ActiveCfg = Release|Any CPU
		{F8CCF809-6533-4AB0-9759-9D05B58FCDC7}.Release|Any CPU.Build.0 = Release|Any CPU
		{E98A6DF1-8FF3-4240-A6B5-083C5485D422}.Debug|Any CPU.ActiveCfg = Debug|Any CPU
		{E98A6DF1-8FF3-4240-A6B5-083C5485D422}.Debug|Any CPU.Build.0 = Debug|Any CPU
		{E98A6DF1-8FF3-4240-A6B5-083C5485D422}.Release|Any CPU.ActiveCfg = Release|Any CPU
		{E98A6DF1-8FF3-4240-A6B5-083C5485D422}.Release|Any CPU.Build.0 = Release|Any CPU
		{33CCA323-9F60-4A94-B052-9BE8CF201228}.Debug|Any CPU.ActiveCfg = Debug|Any CPU
		{33CCA323-9F60-4A94-B052-9BE8CF201228}.Debug|Any CPU.Build.0 = Debug|Any CPU
		{33CCA323-9F60-4A94-B052-9BE8CF201228}.Release|Any CPU.ActiveCfg = Release|Any CPU
		{33CCA323-9F60-4A94-B052-9BE8CF201228}.Release|Any CPU.Build.0 = Release|Any CPU
		{EE8694C6-6D65-4610-AC08-A39A2E711597}.Debug|Any CPU.ActiveCfg = Debug|Any CPU
		{EE8694C6-6D65-4610-AC08-A39A2E711597}.Debug|Any CPU.Build.0 = Debug|Any CPU
		{EE8694C6-6D65-4610-AC08-A39A2E711597}.Release|Any CPU.ActiveCfg = Release|Any CPU
		{EE8694C6-6D65-4610-AC08-A39A2E711597}.Release|Any CPU.Build.0 = Release|Any CPU
	EndGlobalSection
	GlobalSection(SolutionProperties) = preSolution
		HideSolutionNode = FALSE
	EndGlobalSection
	GlobalSection(NestedProjects) = preSolution
		{52C41514-2F30-4976-9F71-CEF0179ED997} = {D9319E48-B0E2-4543-A915-FF7BEAB21BD3}
		{CD5053D9-4AE1-4154-8C6C-825FF0E2644E} = {4CC3A3BB-B68F-4834-A0EF-6D4DB2698631}
		{802B7D4A-BB2B-4983-9BD2-A230A2D4AE82} = {2266DDF7-E103-4E4C-B2E1-D28EF5C3FD5F}
		{947CEAA7-134E-442F-BD9A-7DFE9025D2F9} = {4CC3A3BB-B68F-4834-A0EF-6D4DB2698631}
		{5A481CA4-D30C-4A8B-A295-C2903249EE23} = {4CC3A3BB-B68F-4834-A0EF-6D4DB2698631}
		{801A0DE6-E1C6-43DE-BCCD-C9461C40FBEE} = {4CC3A3BB-B68F-4834-A0EF-6D4DB2698631}
		{43DE2DF2-F463-49AD-838F-50452CE1FB80} = {4CC3A3BB-B68F-4834-A0EF-6D4DB2698631}
		{F8CCF809-6533-4AB0-9759-9D05B58FCDC7} = {D9319E48-B0E2-4543-A915-FF7BEAB21BD3}
		{E98A6DF1-8FF3-4240-A6B5-083C5485D422} = {C72EBC1F-1B36-4B1D-820E-F57118EB920C}
		{33CCA323-9F60-4A94-B052-9BE8CF201228} = {C72EBC1F-1B36-4B1D-820E-F57118EB920C}
		{EE8694C6-6D65-4610-AC08-A39A2E711597} = {2266DDF7-E103-4E4C-B2E1-D28EF5C3FD5F}
	EndGlobalSection
	GlobalSection(ExtensibilityGlobals) = postSolution
		SolutionGuid = {918D1B74-7098-4C83-960C-290F3B4FF3EC}
	EndGlobalSection
EndGlobal
